Microsoft Visual Studio Solution File, Format Version 12.00
# Visual Studio Version 17
VisualStudioVersion = 17.13.35818.85
MinimumVisualStudioVersion = 10.0.40219.1
Project("{FAE04EC0-301F-11D3-BF4B-00C04F79EFBC}") = "DataFactoryLakehouse", "DataFactoryLakehouse.csproj", "{11B21C7B-11BA-4B8C-7834-E23C800C7656}"
EndProject
Global
	GlobalSection(SolutionConfigurationPlatforms) = preSolution
		Debug|Any CPU = Debug|Any CPU
		Release|Any CPU = Release|Any CPU
	EndGlobalSection
	GlobalSection(ProjectConfigurationPlatforms) = postSolution
		{11B21C7B-11BA-4B8C-7834-E23C800C7656}.Debug|Any CPU.ActiveCfg = Debug|Any CPU
		{11B21C7B-11BA-4B8C-7834-E23C800C7656}.Debug|Any CPU.Build.0 = Debug|Any CPU
		{11B21C7B-11BA-4B8C-7834-E23C800C7656}.Release|Any CPU.ActiveCfg = Release|Any CPU
		{11B21C7B-11BA-4B8C-7834-E23C800C7656}.Release|Any CPU.Build.0 = Release|Any CPU
	EndGlobalSection
	GlobalSection(SolutionProperties) = preSolution
		HideSolutionNode = FALSE
	EndGlobalSection
	GlobalSection(ExtensibilityGlobals) = postSolution
		SolutionGuid = {563333FD-A712-4973-97E8-219E7AA24ED7}
	EndGlobalSection
EndGlobal
